// !$*UTF8*$!
{
	archiveVersion = 1;
	classes = {
	};
	objectVersion = 48;
	objects = {

/* Begin PBXBuildFile section */
		AA34BCA91F82971200109259 /* AppDelegate.swift in Sources */ = {isa = PBXBuildFile; fileRef = AA34BCA81F82971200109259 /* AppDelegate.swift */; };
		AA34BCAB1F82971200109259 /* View Controller.swift in Sources */ = {isa = PBXBuildFile; fileRef = AA34BCAA1F82971200109259 /* View Controller.swift */; };
		AA34BCAE1F82971200109259 /* Main.storyboard in Resources */ = {isa = PBXBuildFile; fileRef = AA34BCAC1F82971200109259 /* Main.storyboard */; };
		AA34BCB01F82971200109259 /* Assets.xcassets in Resources */ = {isa = PBXBuildFile; fileRef = AA34BCAF1F82971200109259 /* Assets.xcassets */; };
		AA34BCB31F82971200109259 /* LaunchScreen.storyboard in Resources */ = {isa = PBXBuildFile; fileRef = AA34BCB11F82971200109259 /* LaunchScreen.storyboard */; };
		AA34BCBE1F82971300109259 /* QuizTests.swift in Sources */ = {isa = PBXBuildFile; fileRef = AA34BCBD1F82971300109259 /* QuizTests.swift */; };
		AA34BCC91F82971300109259 /* QuizUITests.swift in Sources */ = {isa = PBXBuildFile; fileRef = AA34BCC81F82971300109259 /* QuizUITests.swift */; };
/* End PBXBuildFile section */

/* Begin PBXContainerItemProxy section */
		AA34BCBA1F82971300109259 /* PBXContainerItemProxy */ = {
			isa = PBXContainerItemProxy;
			containerPortal = AA34BC9D1F82971200109259 /* Project object */;
			proxyType = 1;
			remoteGlobalIDString = AA34BCA41F82971200109259;
			remoteInfo = Quiz;
		};
		AA34BCC51F82971300109259 /* PBXContainerItemProxy */ = {
			isa = PBXContainerItemProxy;
			containerPortal = AA34BC9D1F82971200109259 /* Project object */;
			proxyType = 1;
			remoteGlobalIDString = AA34BCA41F82971200109259;
			remoteInfo = Quiz;
		};
/* End PBXContainerItemProxy section */

/* Begin PBXFileReference section */
		AA34BCA51F82971200109259 /* Quiz.app */ = {isa = PBXFileReference; explicitFileType = wrapper.application; includeInIndex = 0; path = Quiz.app; sourceTree = BUILT_PRODUCTS_DIR; };
		AA34BCA81F82971200109259 /* AppDelegate.swift */ = {isa = PBXFileReference; lastKnownFileType = sourcecode.swift; path = AppDelegate.swift; sourceTree = "<group>"; };
		AA34BCAA1F82971200109259 /* View Controller.swift */ = {isa = PBXFileReference; lastKnownFileType = sourcecode.swift; path = "View Controller.swift"; sourceTree = "<group>"; };
		AA34BCAD1F82971200109259 /* Base */ = {isa = PBXFileReference; lastKnownFileType = file.storyboard; name = Base; path = Base.lproj/Main.storyboard; sourceTree = "<group>"; };
		AA34BCAF1F82971200109259 /* Assets.xcassets */ = {isa = PBXFileReference; lastKnownFileType = folder.assetcatalog; path = Assets.xcassets; sourceTree = "<group>"; };
		AA34BCB21F82971200109259 /* Base */ = {isa = PBXFileReference; lastKnownFileType = file.storyboard; name = Base; path = Base.lproj/LaunchScreen.storyboard; sourceTree = "<group>"; };
		AA34BCB41F82971200109259 /* Info.plist */ = {isa = PBXFileReference; lastKnownFileType = text.plist.xml; path = Info.plist; sourceTree = "<group>"; };
		AA34BCB91F82971300109259 /* QuizTests.xctest */ = {isa = PBXFileReference; explicitFileType = wrapper.cfbundle; includeInIndex = 0; path = QuizTests.xctest; sourceTree = BUILT_PRODUCTS_DIR; };
		AA34BCBD1F82971300109259 /* QuizTests.swift */ = {isa = PBXFileReference; lastKnownFileType = sourcecode.swift; path = QuizTests.swift; sourceTree = "<group>"; };
		AA34BCBF1F82971300109259 /* Info.plist */ = {isa = PBXFileReference; lastKnownFileType = text.plist.xml; path = Info.plist; sourceTree = "<group>"; };
		AA34BCC41F82971300109259 /* QuizUITests.xctest */ = {isa = PBXFileReference; explicitFileType = wrapper.cfbundle; includeInIndex = 0; path = QuizUITests.xctest; sourceTree = BUILT_PRODUCTS_DIR; };
		AA34BCC81F82971300109259 /* QuizUITests.swift */ = {isa = PBXFileReference; lastKnownFileType = sourcecode.swift; path = QuizUITests.swift; sourceTree = "<group>"; };
		AA34BCCA1F82971300109259 /* Info.plist */ = {isa = PBXFileReference; lastKnownFileType = text.plist.xml; path = Info.plist; sourceTree = "<group>"; };
/* End PBXFileReference section */

/* Begin PBXFrameworksBuildPhase section */
		AA34BCA21F82971200109259 /* Frameworks */ = {
			isa = PBXFrameworksBuildPhase;
			buildActionMask = 2147483647;
			files = (
			);
			runOnlyForDeploymentPostprocessing = 0;
		};
		AA34BCB61F82971300109259 /* Frameworks */ = {
			isa = PBXFrameworksBuildPhase;
			buildActionMask = 2147483647;
			files = (
			);
			runOnlyForDeploymentPostprocessing = 0;
		};
		AA34BCC11F82971300109259 /* Frameworks */ = {
			isa = PBXFrameworksBuildPhase;
			buildActionMask = 2147483647;
			files = (
			);
			runOnlyForDeploymentPostprocessing = 0;
		};
/* End PBXFrameworksBuildPhase section */

/* Begin PBXGroup section */
		AA34BC9C1F82971200109259 = {
			isa = PBXGroup;
			children = (
				AA34BCA71F82971200109259 /* Quiz */,
				AA34BCBC1F82971300109259 /* QuizTests */,
				AA34BCC71F82971300109259 /* QuizUITests */,
				AA34BCA61F82971200109259 /* Products */,
			);
			sourceTree = "<group>";
		};
		AA34BCA61F82971200109259 /* Products */ = {
			isa = PBXGroup;
			children = (
				AA34BCA51F82971200109259 /* Quiz.app */,
				AA34BCB91F82971300109259 /* QuizTests.xctest */,
				AA34BCC41F82971300109259 /* QuizUITests.xctest */,
			);
			name = Products;
			sourceTree = "<group>";
		};
		AA34BCA71F82971200109259 /* Quiz */ = {
			isa = PBXGroup;
			children = (
				AA34BCA81F82971200109259 /* AppDelegate.swift */,
				AA34BCAA1F82971200109259 /* View Controller.swift */,
				AA34BCAC1F82971200109259 /* Main.storyboard */,
				AA34BCAF1F82971200109259 /* Assets.xcassets */,
				AA34BCB11F82971200109259 /* LaunchScreen.storyboard */,
				AA34BCB41F82971200109259 /* Info.plist */,
			);
			path = Quiz;
			sourceTree = "<group>";
		};
		AA34BCBC1F82971300109259 /* QuizTests */ = {
			isa = PBXGroup;
			children = (
				AA34BCBD1F82971300109259 /* QuizTests.swift */,
				AA34BCBF1F82971300109259 /* Info.plist */,
			);
			path = QuizTests;
			sourceTree = "<group>";
		};
		AA34BCC71F82971300109259 /* QuizUITests */ = {
			isa = PBXGroup;
			children = (
				AA34BCC81F82971300109259 /* QuizUITests.swift */,
				AA34BCCA1F82971300109259 /* Info.plist */,
			);
			path = QuizUITests;
			sourceTree = "<group>";
		};
/* End PBXGroup section */

/* Begin PBXNativeTarget section */
		AA34BCA41F82971200109259 /* Quiz */ = {
			isa = PBXNativeTarget;
			buildConfigurationList = AA34BCCD1F82971300109259 /* Build configuration list for PBXNativeTarget "Quiz" */;
			buildPhases = (
				AA34BCA11F82971200109259 /* Sources */,
				AA34BCA21F82971200109259 /* Frameworks */,
				AA34BCA31F82971200109259 /* Resources */,
			);
			buildRules = (
			);
			dependencies = (
			);
			name = Quiz;
			productName = Quiz;
			productReference = AA34BCA51F82971200109259 /* Quiz.app */;
			productType = "com.apple.product-type.application";
		};
		AA34BCB81F82971300109259 /* QuizTests */ = {
			isa = PBXNativeTarget;
			buildConfigurationList = AA34BCD01F82971300109259 /* Build configuration list for PBXNativeTarget "QuizTests" */;
			buildPhases = (
				AA34BCB51F82971300109259 /* Sources */,
				AA34BCB61F82971300109259 /* Frameworks */,
				AA34BCB71F82971300109259 /* Resources */,
			);
			buildRules = (
			);
			dependencies = (
				AA34BCBB1F82971300109259 /* PBXTargetDependency */,
			);
			name = QuizTests;
			productName = QuizTests;
			productReference = AA34BCB91F82971300109259 /* QuizTests.xctest */;
			productType = "com.apple.product-type.bundle.unit-test";
		};
		AA34BCC31F82971300109259 /* QuizUITests */ = {
			isa = PBXNativeTarget;
			buildConfigurationList = AA34BCD31F82971300109259 /* Build configuration list for PBXNativeTarget "QuizUITests" */;
			buildPhases = (
				AA34BCC01F82971300109259 /* Sources */,
				AA34BCC11F82971300109259 /* Frameworks */,
				AA34BCC21F82971300109259 /* Resources */,
			);
			buildRules = (
			);
			dependencies = (
				AA34BCC61F82971300109259 /* PBXTargetDependency */,
			);
			name = QuizUITests;
			productName = QuizUITests;
			productReference = AA34BCC41F82971300109259 /* QuizUITests.xctest */;
			productType = "com.apple.product-type.bundle.ui-testing";
		};
/* End PBXNativeTarget section */

/* Begin PBXProject section */
		AA34BC9D1F82971200109259 /* Project object */ = {
			isa = PBXProject;
			attributes = {
				LastSwiftUpdateCheck = 0900;
				LastUpgradeCheck = 1030;
				ORGANIZATIONNAME = "Big Nerd Ranch";
				TargetAttributes = {
					AA34BCA41F82971200109259 = {
						CreatedOnToolsVersion = 9.0;
						LastSwiftMigration = 1030;
						ProvisioningStyle = Automatic;
					};
					AA34BCB81F82971300109259 = {
						CreatedOnToolsVersion = 9.0;
						LastSwiftMigration = 1030;
						ProvisioningStyle = Automatic;
						TestTargetID = AA34BCA41F82971200109259;
					};
					AA34BCC31F82971300109259 = {
						CreatedOnToolsVersion = 9.0;
						LastSwiftMigration = 1030;
						ProvisioningStyle = Automatic;
						TestTargetID = AA34BCA41F82971200109259;
					};
				};
			};
			buildConfigurationList = AA34BCA01F82971200109259 /* Build configuration list for PBXProject "Quiz" */;
			compatibilityVersion = "Xcode 8.0";
			developmentRegion = en;
			hasScannedForEncodings = 0;
			knownRegions = (
				en,
				Base,
			);
			mainGroup = AA34BC9C1F82971200109259;
			productRefGroup = AA34BCA61F82971200109259 /* Products */;
			projectDirPath = "";
			projectRoot = "";
			targets = (
				AA34BCA41F82971200109259 /* Quiz */,
				AA34BCB81F82971300109259 /* QuizTests */,
				AA34BCC31F82971300109259 /* QuizUITests */,
			);
		};
/* End PBXProject section */

/* Begin PBXResourcesBuildPhase section */
		AA34BCA31F82971200109259 /* Resources */ = {
			isa = PBXResourcesBuildPhase;
			buildActionMask = 2147483647;
			files = (
				AA34BCB31F82971200109259 /* LaunchScreen.storyboard in Resources */,
				AA34BCB01F82971200109259 /* Assets.xcassets in Resources */,
				AA34BCAE1F82971200109259 /* Main.storyboard in Resources */,
			);
			runOnlyForDeploymentPostprocessing = 0;
		};
		AA34BCB71F82971300109259 /* Resources */ = {
			isa = PBXResourcesBuildPhase;
			buildActionMask = 2147483647;
			files = (
			);
			runOnlyForDeploymentPostprocessing = 0;
		};
		AA34BCC21F82971300109259 /* Resources */ = {
			isa = PBXResourcesBuildPhase;
			buildActionMask = 2147483647;
			files = (
			);
			runOnlyForDeploymentPostprocessing = 0;
		};
/* End PBXResourcesBuildPhase section */

/* Begin PBXSourcesBuildPhase section */
		AA34BCA11F82971200109259 /* Sources */ = {
			isa = PBXSourcesBuildPhase;
			buildActionMask = 2147483647;
			files = (
				AA34BCAB1F82971200109259 /* View Controller.swift in Sources */,
				AA34BCA91F82971200109259 /* AppDelegate.swift in Sources */,
			);
			runOnlyForDeploymentPostprocessing = 0;
		};
		AA34BCB51F82971300109259 /* Sources */ = {
			isa = PBXSourcesBuildPhase;
			buildActionMask = 2147483647;
			files = (
				AA34BCBE1F82971300109259 /* QuizTests.swift in Sources */,
			);
			runOnlyForDeploymentPostprocessing = 0;
		};
		AA34BCC01F82971300109259 /* Sources */ = {
			isa = PBXSourcesBuildPhase;
			buildActionMask = 2147483647;
			files = (
				AA34BCC91F82971300109259 /* QuizUITests.swift in Sources */,
			);
			runOnlyForDeploymentPostprocessing = 0;
		};
/* End PBXSourcesBuildPhase section */

/* Begin PBXTargetDependency section */
		AA34BCBB1F82971300109259 /* PBXTargetDependency */ = {
			isa = PBXTargetDependency;
			target = AA34BCA41F82971200109259 /* Quiz */;
			targetProxy = AA34BCBA1F82971300109259 /* PBXContainerItemProxy */;
		};
		AA34BCC61F82971300109259 /* PBXTargetDependency */ = {
			isa = PBXTargetDependency;
			target = AA34BCA41F82971200109259 /* Quiz */;
			targetProxy = AA34BCC51F82971300109259 /* PBXContainerItemProxy */;
		};
/* End PBXTargetDependency section */

/* Begin PBXVariantGroup section */
		AA34BCAC1F82971200109259 /* Main.storyboard */ = {
			isa = PBXVariantGroup;
			children = (
				AA34BCAD1F82971200109259 /* Base */,
			);
			name = Main.storyboard;
			sourceTree = "<group>";
		};
		AA34BCB11F82971200109259 /* LaunchScreen.storyboard */ = {
			isa = PBXVariantGroup;
			children = (
				AA34BCB21F82971200109259 /* Base */,
			);
			name = LaunchScreen.storyboard;
			sourceTree = "<group>";
		};
/* End PBXVariantGroup section */

/* Begin XCBuildConfiguration section */
		AA34BCCB1F82971300109259 /* Debug */ = {
			isa = XCBuildConfiguration;
			buildSettings = {
				ALWAYS_SEARCH_USER_PATHS = NO;
				CLANG_ANALYZER_NONNULL = YES;
				CLANG_ANALYZER_NUMBER_OBJECT_CONVERSION = YES_AGGRESSIVE;
				CLANG_CXX_LANGUAGE_STANDARD = "gnu++14";
				CLANG_CXX_LIBRARY = "libc++";
				CLANG_ENABLE_MODULES = YES;
				CLANG_ENABLE_OBJC_ARC = YES;
				CLANG_WARN_BLOCK_CAPTURE_AUTORELEASING = YES;
				CLANG_WARN_BOOL_CONVERSION = YES;
				CLANG_WARN_COMMA = YES;
				CLANG_WARN_CONSTANT_CONVERSION = YES;
				CLANG_WARN_DEPRECATED_OBJC_IMPLEMENTATIONS = YES;
				CLANG_WARN_DIRECT_OBJC_ISA_USAGE = YES_ERROR;
				CLANG_WARN_DOCUMENTATION_COMMENTS = YES;
				CLANG_WARN_EMPTY_BODY = YES;
				CLANG_WARN_ENUM_CONVERSION = YES;
				CLANG_WARN_INFINITE_RECURSION = YES;
				CLANG_WARN_INT_CONVERSION = YES;
				CLANG_WARN_NON_LITERAL_NULL_CONVERSION = YES;
				CLANG_WARN_OBJC_IMPLICIT_RETAIN_SELF = YES;
				CLANG_WARN_OBJC_LITERAL_CONVERSION = YES;
				CLANG_WARN_OBJC_ROOT_CLASS = YES_ERROR;
				CLANG_WARN_RANGE_LOOP_ANALYSIS = YES;
				CLANG_WARN_STRICT_PROTOTYPES = YES;
				CLANG_WARN_SUSPICIOUS_MOVE = YES;
				CLANG_WARN_UNGUARDED_AVAILABILITY = YES_AGGRESSIVE;
				CLANG_WARN_UNREACHABLE_CODE = YES;
				CLANG_WARN__DUPLICATE_METHOD_MATCH = YES;
				CODE_SIGN_IDENTITY = "iPhone Developer";
				COPY_PHASE_STRIP = NO;
				DEBUG_INFORMATION_FORMAT = dwarf;
				ENABLE_STRICT_OBJC_MSGSEND = YES;
				ENABLE_TESTABILITY = YES;
				GCC_C_LANGUAGE_STANDARD = gnu11;
				GCC_DYNAMIC_NO_PIC = NO;
				GCC_NO_COMMON_BLOCKS = YES;
				GCC_OPTIMIZATION_LEVEL = 0;
				GCC_PREPROCESSOR_DEFINITIONS = (
					"DEBUG=1",
					"$(inherited)",
				);
				GCC_WARN_64_TO_32_BIT_CONVERSION = YES;
				GCC_WARN_ABOUT_RETURN_TYPE = YES_ERROR;
				GCC_WARN_UNDECLARED_SELECTOR = YES;
				GCC_WARN_UNINITIALIZED_AUTOS = YES_AGGRESSIVE;
				GCC_WARN_UNUSED_FUNCTION = YES;
				GCC_WARN_UNUSED_VARIABLE = YES;
				IPHONEOS_DEPLOYMENT_TARGET = 11.0;
				MTL_ENABLE_DEBUG_INFO = YES;
				ONLY_ACTIVE_ARCH = YES;
				SDKROOT = iphoneos;
				SWIFT_ACTIVE_COMPILATION_CONDITIONS = DEBUG;
				SWIFT_OPTIMIZATION_LEVEL = "-Onone";
			};
			name = Debug;
		};
		AA34BCCC1F82971300109259 /* Release */ = {
			isa = XCBuildConfiguration;
			buildSettings = {
				ALWAYS_SEARCH_USER_PATHS = NO;
				CLANG_ANALYZER_NONNULL = YES;
				CLANG_ANALYZER_NUMBER_OBJECT_CONVERSION = YES_AGGRESSIVE;
				CLANG_CXX_LANGUAGE_STANDARD = "gnu++14";
				CLANG_CXX_LIBRARY = "libc++";
				CLANG_ENABLE_MODULES = YES;
				CLANG_ENABLE_OBJC_ARC = YES;
				CLANG_WARN_BLOCK_CAPTURE_AUTORELEASING = YES;
				CLANG_WARN_BOOL_CONVERSION = YES;
				CLANG_WARN_COMMA = YES;
				CLANG_WARN_CONSTANT_CONVERSION = YES;
				CLANG_WARN_DEPRECATED_OBJC_IMPLEMENTATIONS = YES;
				CLANG_WARN_DIRECT_OBJC_ISA_USAGE = YES_ERROR;
				CLANG_WARN_DOCUMENTATION_COMMENTS = YES;
				CLANG_WARN_EMPTY_BODY = YES;
				CLANG_WARN_ENUM_CONVERSION = YES;
				CLANG_WARN_INFINITE_RECURSION = YES;
				CLANG_WARN_INT_CONVERSION = YES;
				CLANG_WARN_NON_LITERAL_NULL_CONVERSION = YES;
				CLANG_WARN_OBJC_IMPLICIT_RETAIN_SELF = YES;
				CLANG_WARN_OBJC_LITERAL_CONVERSION = YES;
				CLANG_WARN_OBJC_ROOT_CLASS = YES_ERROR;
				CLANG_WARN_RANGE_LOOP_ANALYSIS = YES;
				CLANG_WARN_STRICT_PROTOTYPES = YES;
				CLANG_WARN_SUSPICIOUS_MOVE = YES;
				CLANG_WARN_UNGUARDED_AVAILABILITY = YES_AGGRESSIVE;
				CLANG_WARN_UNREACHABLE_CODE = YES;
				CLANG_WARN__DUPLICATE_METHOD_MATCH = YES;
				CODE_SIGN_IDENTITY = "iPhone Developer";
				COPY_PHASE_STRIP = NO;
				DEBUG_INFORMATION_FORMAT = "dwarf-with-dsym";
				ENABLE_NS_ASSERTIONS = NO;
				ENABLE_STRICT_OBJC_MSGSEND = YES;
				GCC_C_LANGUAGE_STANDARD = gnu11;
				GCC_NO_COMMON_BLOCKS = YES;
				GCC_WARN_64_TO_32_BIT_CONVERSION = YES;
				GCC_WARN_ABOUT_RETURN_TYPE = YES_ERROR;
				GCC_WARN_UNDECLARED_SELECTOR = YES;
				GCC_WARN_UNINITIALIZED_AUTOS = YES_AGGRESSIVE;
				GCC_WARN_UNUSED_FUNCTION = YES;
				GCC_WARN_UNUSED_VARIABLE = YES;
				IPHONEOS_DEPLOYMENT_TARGET = 11.0;
				MTL_ENABLE_DEBUG_INFO = NO;
				SDKROOT = iphoneos;
				SWIFT_OPTIMIZATION_LEVEL = "-Owholemodule";
				VALIDATE_PRODUCT = YES;
			};
			name = Release;
		};
		AA34BCCE1F82971300109259 /* Debug */ = {
			isa = XCBuildConfiguration;
			buildSettings = {
				ASSETCATALOG_COMPILER_APPICON_NAME = AppIcon;
				CODE_SIGN_STYLE = Automatic;
				INFOPLIST_FILE = Quiz/Info.plist;
				LD_RUNPATH_SEARCH_PATHS = "$(inherited) @executable_path/Frameworks";
				PRODUCT_BUNDLE_IDENTIFIER = com.bignerdranchd.Quiz;
				PRODUCT_NAME = "$(TARGET_NAME)";
				SWIFT_VERSION = 5.0;
				TARGETED_DEVICE_FAMILY = "1,2";
			};
			name = Debug;
		};
		AA34BCCF1F82971300109259 /* Release */ = {
			isa = XCBuildConfiguration;
			buildSettings = {
				ASSETCATALOG_COMPILER_APPICON_NAME = AppIcon;
				CODE_SIGN_STYLE = Automatic;
				INFOPLIST_FILE = Quiz/Info.plist;
				LD_RUNPATH_SEARCH_PATHS = "$(inherited) @executable_path/Frameworks";
				PRODUCT_BUNDLE_IDENTIFIER = com.bignerdranchd.Quiz;
				PRODUCT_NAME = "$(TARGET_NAME)";
				SWIFT_VERSION = 5.0;
				TARGETED_DEVICE_FAMILY = "1,2";
			};
			name = Release;
		};
		AA34BCD11F82971300109259 /* Debug */ = {
			isa = XCBuildConfiguration;
			buildSettings = {
				ALWAYS_EMBED_SWIFT_STANDARD_LIBRARIES = YES;
				BUNDLE_LOADER = "$(TEST_HOST)";
				CODE_SIGN_STYLE = Automatic;
				INFOPLIST_FILE = QuizTests/Info.plist;
				LD_RUNPATH_SEARCH_PATHS = "$(inherited) @executable_path/Frameworks @loader_path/Frameworks";
				PRODUCT_BUNDLE_IDENTIFIER = com.bignerdranchd.QuizTests;
				PRODUCT_NAME = "$(TARGET_NAME)";
				SWIFT_VERSION = 5.0;
				TARGETED_DEVICE_FAMILY = "1,2";
				TEST_HOST = "$(BUILT_PRODUCTS_DIR)/Quiz.app/Quiz";
			};
			name = Debug;
		};
		AA34BCD21F82971300109259 /* Release */ = {
			isa = XCBuildConfiguration;
			buildSettings = {
				ALWAYS_EMBED_SWIFT_STANDARD_LIBRARIES = YES;
				BUNDLE_LOADER = "$(TEST_HOST)";
				CODE_SIGN_STYLE = Automatic;
				INFOPLIST_FILE = QuizTests/Info.plist;
				LD_RUNPATH_SEARCH_PATHS = "$(inherited) @executable_path/Frameworks @loader_path/Frameworks";
				PRODUCT_BUNDLE_IDENTIFIER = com.bignerdranchd.QuizTests;
				PRODUCT_NAME = "$(TARGET_NAME)";
				SWIFT_VERSION = 5.0;
				TARGETED_DEVICE_FAMILY = "1,2";
				TEST_HOST = "$(BUILT_PRODUCTS_DIR)/Quiz.app/Quiz";
			};
			name = Release;
		};
		AA34BCD41F82971300109259 /* Debug */ = {
			isa = XCBuildConfiguration;
			buildSettings = {
				ALWAYS_EMBED_SWIFT_STANDARD_LIBRARIES = YES;
				CODE_SIGN_STYLE = Automatic;
				INFOPLIST_FILE = QuizUITests/Info.plist;
				LD_RUNPATH_SEARCH_PATHS = "$(inherited) @executable_path/Frameworks @loader_path/Frameworks";
				PRODUCT_BUNDLE_IDENTIFIER = com.bignerdranchd.QuizUITests;
				PRODUCT_NAME = "$(TARGET_NAME)";
				SWIFT_VERSION = 5.0;
				TARGETED_DEVICE_FAMILY = "1,2";
				TEST_TARGET_NAME = Quiz;
			};
			name = Debug;
		};
		AA34BCD51F82971300109259 /* Release */ = {
			isa = XCBuildConfiguration;
			buildSettings = {
				ALWAYS_EMBED_SWIFT_STANDARD_LIBRARIES = YES;
				CODE_SIGN_STYLE = Automatic;
				INFOPLIST_FILE = QuizUITests/Info.plist;
				LD_RUNPATH_SEARCH_PATHS = "$(inherited) @executable_path/Frameworks @loader_path/Frameworks";
				PRODUCT_BUNDLE_IDENTIFIER = com.bignerdranchd.QuizUITests;
				PRODUCT_NAME = "$(TARGET_NAME)";
				SWIFT_VERSION = 5.0;
				TARGETED_DEVICE_FAMILY = "1,2";
				TEST_TARGET_NAME = Quiz;
			};
			name = Release;
		};
/* End XCBuildConfiguration section */

/* Begin XCConfigurationList section */
		AA34BCA01F82971200109259 /* Build configuration list for PBXProject "Quiz" */ = {
			isa = XCConfigurationList;
			buildConfigurations = (
				AA34BCCB1F82971300109259 /* Debug */,
				AA34BCCC1F82971300109259 /* Release */,
			);
			defaultConfigurationIsVisible = 0;
			defaultConfigurationName = Release;
		};
		AA34BCCD1F82971300109259 /* Build configuration list for PBXNativeTarget "Quiz" */ = {
			isa = XCConfigurationList;
			buildConfigurations = (
				AA34BCCE1F82971300109259 /* Debug */,
				AA34BCCF1F82971300109259 /* Release */,
			);
			defaultConfigurationIsVisible = 0;
			defaultConfigurationName = Release;
		};
		AA34BCD01F82971300109259 /* Build configuration list for PBXNativeTarget "QuizTests" */ = {
			isa = XCConfigurationList;
			buildConfigurations = (
				AA34BCD11F82971300109259 /* Debug */,
				AA34BCD21F82971300109259 /* Release */,
			);
			defaultConfigurationIsVisible = 0;
			defaultConfigurationName = Release;
		};
		AA34BCD31F82971300109259 /* Build configuration list for PBXNativeTarget "QuizUITests" */ = {
			isa = XCConfigurationList;
			buildConfigurations = (
				AA34BCD41F82971300109259 /* Debug */,
				AA34BCD51F82971300109259 /* Release */,
			);
			defaultConfigurationIsVisible = 0;
			defaultConfigurationName = Release;
		};
/* End XCConfigurationList section */
	};
	rootObject = AA34BC9D1F82971200109259 /* Project object */;
}
